PODS:
  - Canvas (0.1.2)
  - Realm (10.1.4):
    - Realm/Headers (= 10.1.4)
  - Realm/Headers (10.1.4)
  - RealmSwift (10.1.4):
    - Realm (= 10.1.4)
  - SwipeCellKit (2.7.1)
  - UITableViewCellAnimation (1.0.6)

DEPENDENCIES:
  - Canvas (~> 0.1)
  - RealmSwift (= 10.1.4)
  - SwipeCellKit
  - UITableViewCellAnimation

SPEC REPOS:
  trunk:
    - Canvas
    - Realm
    - RealmSwift
    - SwipeCellKit
    - UITableViewCellAnimation

SPEC CHECKSUMS:
  Canvas: eb861e3b555d032648146c8ffda1a5dea40059ca
  Realm: 80f4fb2971ccb9adc27a47d0955ae8e533a7030b
  RealmSwift: 0e566ca714edb377bba8ea0811eafcea0b93734e
  SwipeCellKit: 3972254a826da74609926daf59b08d6c72e619ea
  UITableViewCellAnimation: f4b65d0b85a02aeba2307c04fe97e1c82b3989f2

PODFILE CHECKSUM: 25bb51ac80732ee5f6030a1a82c094afe4a1d0cd

COCOAPODS: 1.10.0
